
Microsoft Visual Studio Solution File, Format Version 12.00
# Visual Studio Version 17
VisualStudioVersion = 17.6.33723.286
MinimumVisualStudioVersion = 10.0.40219.1
Project("{8BC9CEB8-8B4A-11D0-8D11-00A0C91BC942}") = "solarSystem", "solarSystem\solarSystem.vcxproj", "{9615BCEC-94D3-43AC-A5EC-C46B8BFC5362}"
EndProject
Global
	GlobalSection(SolutionConfigurationPlatforms) = preSolution
		Debug|x64 = Debug|x64
		Debug|x86 = Debug|x86
		Release|x64 = Release|x64
		Release|x86 = Release|x86
	EndGlobalSection
	GlobalSection(ProjectConfigurationPlatforms) = postSolution
		{9615BCEC-94D3-43AC-A5EC-C46B8BFC5362}.Debug|x64.ActiveCfg = Debug|x64
		{9615BCEC-94D3-43AC-A5EC-C46B8BFC5362}.Debug|x64.Build.0 = Debug|x64
		{9615BCEC-94D3-43AC-A5EC-C46B8BFC5362}.Debug|x86.ActiveCfg = Debug|Win32
		{9615BCEC-94D3-43AC-A5EC-C46B8BFC5362}.Debug|x86.Build.0 = Debug|Win32
		{9615BCEC-94D3-43AC-A5EC-C46B8BFC5362}.Release|x64.ActiveCfg = Release|x64
		{9615BCEC-94D3-43AC-A5EC-C46B8BFC5362}.Release|x64.Build.0 = Release|x64
		{9615BCEC-94D3-43AC-A5EC-C46B8BFC5362}.Release|x86.ActiveCfg = Release|Win32
		{9615BCEC-94D3-43AC-A5EC-C46B8BFC5362}.Release|x86.Build.0 = Release|Win32
	EndGlobalSection
	GlobalSection(SolutionProperties) = preSolution
		HideSolutionNode = FALSE
	EndGlobalSection
	GlobalSection(ExtensibilityGlobals) = postSolution
		SolutionGuid = {85383071-33AA-4AA9-A8D3-B00A4913C8C6}
	EndGlobalSection
EndGlobal
